
Microsoft Visual Studio Solution File, Format Version 12.00
# Visual Studio Version 17
VisualStudioVersion = 17.5.33530.505
MinimumVisualStudioVersion = 10.0.40219.1
Project("{FAE04EC0-301F-11D3-BF4B-00C04F79EFBC}") = "scanner_desktop", "scanner_desktop\scanner_desktop.csproj", "{39579208-2EDC-4CA5-8CA3-6E851D0BDCC6}"
EndProject
Global
	GlobalSection(SolutionConfigurationPlatforms) = preSolution
		Debug|Any CPU = Debug|Any CPU
		Release|Any CPU = Release|Any CPU
	EndGlobalSection
	GlobalSection(ProjectConfigurationPlatforms) = postSolution
		{39579208-2EDC-4CA5-8CA3-6E851D0BDCC6}.Debug|Any CPU.ActiveCfg = Debug|Any CPU
		{39579208-2EDC-4CA5-8CA3-6E851D0BDCC6}.Debug|Any CPU.Build.0 = Debug|Any CPU
		{39579208-2EDC-4CA5-8CA3-6E851D0BDCC6}.Release|Any CPU.ActiveCfg = Release|Any CPU
		{39579208-2EDC-4CA5-8CA3-6E851D0BDCC6}.Release|Any CPU.Build.0 = Release|Any CPU
	EndGlobalSection
	GlobalSection(SolutionProperties) = preSolution
		HideSolutionNode = FALSE
	EndGlobalSection
	GlobalSection(ExtensibilityGlobals) = postSolution
		SolutionGuid = {72EA7694-B52F-4647-9999-315EFD425971}
	EndGlobalSection
EndGlobal
